
Microsoft Visual Studio Solution File, Format Version 12.00
# Visual Studio 15
VisualStudioVersion = 15.0.28010.2046
MinimumVisualStudioVersion = 10.0.40219.1
Project("{FAE04EC0-301F-11D3-BF4B-00C04F79EFBC}") = "TiempoExe", "TiempoExe\TiempoExe.csproj", "{E6E4F56D-BF98-446F-A5C7-5E6546498907}"
EndProject
Global
	GlobalSection(SolutionConfigurationPlatforms) = preSolution
		Debug|Any CPU = Debug|Any CPU
		Release|Any CPU = Release|Any CPU
	EndGlobalSection
	GlobalSection(ProjectConfigurationPlatforms) = postSolution
		{E6E4F56D-BF98-446F-A5C7-5E6546498907}.Debug|Any CPU.ActiveCfg = Debug|Any CPU
		{E6E4F56D-BF98-446F-A5C7-5E6546498907}.Debug|Any CPU.Build.0 = Debug|Any CPU
		{E6E4F56D-BF98-446F-A5C7-5E6546498907}.Release|Any CPU.ActiveCfg = Release|Any CPU
		{E6E4F56D-BF98-446F-A5C7-5E6546498907}.Release|Any CPU.Build.0 = Release|Any CPU
	EndGlobalSection
	GlobalSection(SolutionProperties) = preSolution
		HideSolutionNode = FALSE
	EndGlobalSection
	GlobalSection(ExtensibilityGlobals) = postSolution
		SolutionGuid = {3DEB0984-8F06-4A58-80D0-5909BC22C856}
	EndGlobalSection
EndGlobal
