
Microsoft Visual Studio Solution File, Format Version 12.00
# Visual Studio Version 16
VisualStudioVersion = 16.0.30523.141
MinimumVisualStudioVersion = 10.0.40219.1
Project("{FAE04EC0-301F-11D3-BF4B-00C04F79EFBC}") = "Matriz", "Matriz.csproj", "{C001F8FA-C844-41BF-ACF3-61DDF807D810}"
EndProject
Project("{FAE04EC0-301F-11D3-BF4B-00C04F79EFBC}") = "OperacionesAritmeticasArrays", "..\OperacionesAritmeticasArrays\OperacionesAritmeticasArrays.csproj", "{16121E13-F97A-4ADC-A6E3-7DDC868922C2}"
EndProject
Global
	GlobalSection(SolutionConfigurationPlatforms) = preSolution
		Debug|Any CPU = Debug|Any CPU
		Release|Any CPU = Release|Any CPU
	EndGlobalSection
	GlobalSection(ProjectConfigurationPlatforms) = postSolution
		{C001F8FA-C844-41BF-ACF3-61DDF807D810}.Debug|Any CPU.ActiveCfg = Debug|Any CPU
		{C001F8FA-C844-41BF-ACF3-61DDF807D810}.Debug|Any CPU.Build.0 = Debug|Any CPU
		{C001F8FA-C844-41BF-ACF3-61DDF807D810}.Release|Any CPU.ActiveCfg = Release|Any CPU
		{C001F8FA-C844-41BF-ACF3-61DDF807D810}.Release|Any CPU.Build.0 = Release|Any CPU
		{16121E13-F97A-4ADC-A6E3-7DDC868922C2}.Debug|Any CPU.ActiveCfg = Debug|Any CPU
		{16121E13-F97A-4ADC-A6E3-7DDC868922C2}.Debug|Any CPU.Build.0 = Debug|Any CPU
		{16121E13-F97A-4ADC-A6E3-7DDC868922C2}.Release|Any CPU.ActiveCfg = Release|Any CPU
		{16121E13-F97A-4ADC-A6E3-7DDC868922C2}.Release|Any CPU.Build.0 = Release|Any CPU
	EndGlobalSection
	GlobalSection(SolutionProperties) = preSolution
		HideSolutionNode = FALSE
	EndGlobalSection
	GlobalSection(ExtensibilityGlobals) = postSolution
		SolutionGuid = {4A2557F7-72F9-4845-8F87-64033D151782}
	EndGlobalSection
EndGlobal
