
Microsoft Visual Studio Solution File, Format Version 12.00
# Visual Studio Version 16
VisualStudioVersion = 16.0.31005.135
MinimumVisualStudioVersion = 10.0.40219.1
Project("{FAE04EC0-301F-11D3-BF4B-00C04F79EFBC}") = "Prueba", "Prueba\Prueba.csproj", "{5D5A65CC-E633-4311-BE93-65C42E68496D}"
EndProject
Global
	GlobalSection(SolutionConfigurationPlatforms) = preSolution
		Debug|Any CPU = Debug|Any CPU
		Release|Any CPU = Release|Any CPU
	EndGlobalSection
	GlobalSection(ProjectConfigurationPlatforms) = postSolution
		{5D5A65CC-E633-4311-BE93-65C42E68496D}.Debug|Any CPU.ActiveCfg = Debug|Any CPU
		{5D5A65CC-E633-4311-BE93-65C42E68496D}.Debug|Any CPU.Build.0 = Debug|Any CPU
		{5D5A65CC-E633-4311-BE93-65C42E68496D}.Release|Any CPU.ActiveCfg = Release|Any CPU
		{5D5A65CC-E633-4311-BE93-65C42E68496D}.Release|Any CPU.Build.0 = Release|Any CPU
	EndGlobalSection
	GlobalSection(SolutionProperties) = preSolution
		HideSolutionNode = FALSE
	EndGlobalSection
	GlobalSection(ExtensibilityGlobals) = postSolution
		SolutionGuid = {AFA040F7-FF20-4D71-918C-71699E4E342A}
	EndGlobalSection
EndGlobal
