
Microsoft Visual Studio Solution File, Format Version 12.00
# Visual Studio 15
VisualStudioVersion = 15.0.28010.2046
MinimumVisualStudioVersion = 10.0.40219.1
Project("{FAE04EC0-301F-11D3-BF4B-00C04F79EFBC}") = "Arreglos", "Arreglos\Arreglos.csproj", "{6166F4B5-CDDD-4433-A0D7-306FE2E6B424}"
EndProject
Global
	GlobalSection(SolutionConfigurationPlatforms) = preSolution
		Debug|Any CPU = Debug|Any CPU
		Release|Any CPU = Release|Any CPU
	EndGlobalSection
	GlobalSection(ProjectConfigurationPlatforms) = postSolution
		{6166F4B5-CDDD-4433-A0D7-306FE2E6B424}.Debug|Any CPU.ActiveCfg = Debug|Any CPU
		{6166F4B5-CDDD-4433-A0D7-306FE2E6B424}.Debug|Any CPU.Build.0 = Debug|Any CPU
		{6166F4B5-CDDD-4433-A0D7-306FE2E6B424}.Release|Any CPU.ActiveCfg = Release|Any CPU
		{6166F4B5-CDDD-4433-A0D7-306FE2E6B424}.Release|Any CPU.Build.0 = Release|Any CPU
	EndGlobalSection
	GlobalSection(SolutionProperties) = preSolution
		HideSolutionNode = FALSE
	EndGlobalSection
	GlobalSection(ExtensibilityGlobals) = postSolution
		SolutionGuid = {AAE72209-0591-42F6-9B65-3B3E875C3351}
	EndGlobalSection
EndGlobal
