
Microsoft Visual Studio Solution File, Format Version 12.00
# Visual Studio Version 16
VisualStudioVersion = 16.0.30523.141
MinimumVisualStudioVersion = 10.0.40219.1
Project("{FAE04EC0-301F-11D3-BF4B-00C04F79EFBC}") = "Metodos_Propiedades", "Metodos_Propiedades.csproj", "{0CDCBDA6-64EA-4AC2-B293-A90A77C6C03A}"
EndProject
Project("{FAE04EC0-301F-11D3-BF4B-00C04F79EFBC}") = "Tienda de  Ropa", "..\Tienda de  Ropa\Tienda de  Ropa.csproj", "{7C4CBB8E-EE71-4B5C-89CF-674050C82EB4}"
EndProject
Global
	GlobalSection(SolutionConfigurationPlatforms) = preSolution
		Debug|Any CPU = Debug|Any CPU
		Release|Any CPU = Release|Any CPU
	EndGlobalSection
	GlobalSection(ProjectConfigurationPlatforms) = postSolution
		{0CDCBDA6-64EA-4AC2-B293-A90A77C6C03A}.Debug|Any CPU.ActiveCfg = Debug|Any CPU
		{0CDCBDA6-64EA-4AC2-B293-A90A77C6C03A}.Debug|Any CPU.Build.0 = Debug|Any CPU
		{0CDCBDA6-64EA-4AC2-B293-A90A77C6C03A}.Release|Any CPU.ActiveCfg = Release|Any CPU
		{0CDCBDA6-64EA-4AC2-B293-A90A77C6C03A}.Release|Any CPU.Build.0 = Release|Any CPU
		{7C4CBB8E-EE71-4B5C-89CF-674050C82EB4}.Debug|Any CPU.ActiveCfg = Debug|Any CPU
		{7C4CBB8E-EE71-4B5C-89CF-674050C82EB4}.Debug|Any CPU.Build.0 = Debug|Any CPU
		{7C4CBB8E-EE71-4B5C-89CF-674050C82EB4}.Release|Any CPU.ActiveCfg = Release|Any CPU
		{7C4CBB8E-EE71-4B5C-89CF-674050C82EB4}.Release|Any CPU.Build.0 = Release|Any CPU
	EndGlobalSection
	GlobalSection(SolutionProperties) = preSolution
		HideSolutionNode = FALSE
	EndGlobalSection
	GlobalSection(ExtensibilityGlobals) = postSolution
		SolutionGuid = {692351C3-0C55-4240-80B1-9A1764382A1C}
	EndGlobalSection
EndGlobal
